
Microsoft Visual Studio Solution File, Format Version 12.00
# Visual Studio Version 17
VisualStudioVersion = 17.5.33424.131
MinimumVisualStudioVersion = 10.0.40219.1
Project("{FAE04EC0-301F-11D3-BF4B-00C04F79EFBC}") = "edabit1", "edabit1\edabit1.csproj", "{5473FB7D-5E7B-44B1-94C9-18D85AFA7D9E}"
EndProject
Project("{FAE04EC0-301F-11D3-BF4B-00C04F79EFBC}") = "doble letras", "doble letras\doble letras.csproj", "{32C3567F-F125-424E-8AB0-EBB116C4AE7E}"
EndProject
Global
	GlobalSection(SolutionConfigurationPlatforms) = preSolution
		Debug|Any CPU = Debug|Any CPU
		Release|Any CPU = Release|Any CPU
	EndGlobalSection
	GlobalSection(ProjectConfigurationPlatforms) = postSolution
		{5473FB7D-5E7B-44B1-94C9-18D85AFA7D9E}.Debug|Any CPU.ActiveCfg = Debug|Any CPU
		{5473FB7D-5E7B-44B1-94C9-18D85AFA7D9E}.Debug|Any CPU.Build.0 = Debug|Any CPU
		{5473FB7D-5E7B-44B1-94C9-18D85AFA7D9E}.Release|Any CPU.ActiveCfg = Release|Any CPU
		{5473FB7D-5E7B-44B1-94C9-18D85AFA7D9E}.Release|Any CPU.Build.0 = Release|Any CPU
		{32C3567F-F125-424E-8AB0-EBB116C4AE7E}.Debug|Any CPU.ActiveCfg = Debug|Any CPU
		{32C3567F-F125-424E-8AB0-EBB116C4AE7E}.Debug|Any CPU.Build.0 = Debug|Any CPU
		{32C3567F-F125-424E-8AB0-EBB116C4AE7E}.Release|Any CPU.ActiveCfg = Release|Any CPU
		{32C3567F-F125-424E-8AB0-EBB116C4AE7E}.Release|Any CPU.Build.0 = Release|Any CPU
	EndGlobalSection
	GlobalSection(SolutionProperties) = preSolution
		HideSolutionNode = FALSE
	EndGlobalSection
	GlobalSection(ExtensibilityGlobals) = postSolution
		SolutionGuid = {E6D96D98-600C-4840-9C53-C384DB50F7BE}
	EndGlobalSection
EndGlobal
